{
  "name": "market-game",
  "lockfileVersion": 3,
  "requires": true,
  "packages": {
    "": {
      "name": "market-game",
      "devDependencies": {
        "@restheart-cloud/cli": "^0.11.0"
      }
    },
    "node_modules/@restheart-cloud/cli": {
      "version": "0.11.0",
      "resolved": "https://registry.npmjs.org/@restheart-cloud/cli/-/cli-0.11.0.tgz",
      "integrity": "sha512-1wUzKw6rYWG3NdVcTp2a2MEeBOKGEVjsI7Jhrw0efka9iz/P/fUZSqpsW6xIfOKZhWxpN+c8uBY9Nd2s3w3Qkw==",
      "dev": true,
      "license": "MIT",
      "dependencies": {
        "@restheart-cloud/kit": "0.11.0"
      },
      "bin": {
        "rhc": "dist/cli.js"
      }
    },
    "node_modules/@restheart-cloud/kit": {
      "version": "0.11.0",
      "resolved": "https://registry.npmjs.org/@restheart-cloud/kit/-/kit-0.11.0.tgz",
      "integrity": "sha512-4WPEwe84vVn6ZVYKNoJsGcfUjlEMLUUqBUN7w5J1pmFg6mFYE18GMVqQ238uklFg6xpffg5YfPPC/f1Uu745tQ==",
      "dev": true,
      "license": "MIT"
    }
  }
}
