{
  "name": "market-game",
  "lockfileVersion": 3,
  "requires": true,
  "packages": {
    "": {
      "name": "market-game",
      "devDependencies": {
        "@restheart-cloud/cli": "^0.10.0"
      }
    },
    "node_modules/@restheart-cloud/cli": {
      "version": "0.10.0",
      "resolved": "https://registry.npmjs.org/@restheart-cloud/cli/-/cli-0.10.0.tgz",
      "integrity": "sha512-ylkmBwSzdX7Wqnqc0ZwvX+EsrKPp2awoQlSqFa6tdfuZYYUntybAj9p+SUz4NYdk5E5Mjlz2lV/LtgdSdVEjDA==",
      "dev": true,
      "license": "MIT",
      "dependencies": {
        "@restheart-cloud/kit": "0.10.0"
      },
      "bin": {
        "rhc": "dist/cli.js"
      }
    },
    "node_modules/@restheart-cloud/kit": {
      "version": "0.10.0",
      "resolved": "https://registry.npmjs.org/@restheart-cloud/kit/-/kit-0.10.0.tgz",
      "integrity": "sha512-/fNqrHlYSVRv2tr/bYZECJiQquPMBR4bEWb7nQQFkB4tfBiRKdqA4vE7VXno9sCaowa8hMsEumna1TvfiEaydg==",
      "dev": true,
      "license": "MIT"
    }
  }
}
