{
  "name": "restheart-example-js-plugins",
  "version": "1.0.0",
  "lockfileVersion": 3,
  "requires": true,
  "packages": {
    "": {
      "name": "restheart-example-js-plugins",
      "version": "1.0.0",
      "license": "Apache-2.0",
      "dependencies": {
        "moment": "^2.29.4",
        "one-liner-joke": "^1.2.0"
      }
    },
    "node_modules/moment": {
      "version": "2.29.4",
      "resolved": "https://registry.npmjs.org/moment/-/moment-2.29.4.tgz",
      "integrity": "sha512-5LC9SOxjSc2HF6vO2CyuTDNivEdoz2IvyJJGj6X8DJ0eFyfszE0QiEd+iXmBvUP3WHxSjFH/vIsA0EN00cgr8w==",
      "engines": {
        "node": "*"
      }
    },
    "node_modules/one-liner-joke": {
      "version": "1.2.0",
      "resolved": "https://registry.npmjs.org/one-liner-joke/-/one-liner-joke-1.2.0.tgz",
      "integrity": "sha512-cyqGnIRKCe25ZERjlyKtpQp4BfN+iV22nC6rLtTMkJh+w300DK+9UitFzJZfilMdFKImKQO+w/G/E1sUSYBsrw==",
      "engines": {
        "node": ">=6.0.0"
      }
    }
  }
}
